
Microsoft Visual Studio Solution File, Format Version 12.00
# Visual Studio Version 17
VisualStudioVersion = 17.6.33815.320
MinimumVisualStudioVersion = 10.0.40219.1
Project("{9A19103F-16F7-4668-BE54-9A1E7A4F7556}") = "ReactSkills", "ReactSkills\ReactSkills.csproj", "{5E2541B8-B51F-4B8D-AC44-16DB6494240F}"
EndProject
Project("{FAE04EC0-301F-11D3-BF4B-00C04F79EFBC}") = "Skills.Entities", "Skills.Entities\Skills.Entities.csproj", "{0ACC1DED-59E9-48B1-81FB-99EB06882A11}"
EndProject
Global
	GlobalSection(SolutionConfigurationPlatforms) = preSolution
		Debug|Any CPU = Debug|Any CPU
		Release|Any CPU = Release|Any CPU
	EndGlobalSection
	GlobalSection(ProjectConfigurationPlatforms) = postSolution
		{5E2541B8-B51F-4B8D-AC44-16DB6494240F}.Debug|Any CPU.ActiveCfg = Debug|Any CPU
		{5E2541B8-B51F-4B8D-AC44-16DB6494240F}.Debug|Any CPU.Build.0 = Debug|Any CPU
		{5E2541B8-B51F-4B8D-AC44-16DB6494240F}.Release|Any CPU.ActiveCfg = Release|Any CPU
		{5E2541B8-B51F-4B8D-AC44-16DB6494240F}.Release|Any CPU.Build.0 = Release|Any CPU
		{0ACC1DED-59E9-48B1-81FB-99EB06882A11}.Debug|Any CPU.ActiveCfg = Debug|Any CPU
		{0ACC1DED-59E9-48B1-81FB-99EB06882A11}.Debug|Any CPU.Build.0 = Debug|Any CPU
		{0ACC1DED-59E9-48B1-81FB-99EB06882A11}.Release|Any CPU.ActiveCfg = Release|Any CPU
		{0ACC1DED-59E9-48B1-81FB-99EB06882A11}.Release|Any CPU.Build.0 = Release|Any CPU
	EndGlobalSection
	GlobalSection(SolutionProperties) = preSolution
		HideSolutionNode = FALSE
	EndGlobalSection
	GlobalSection(ExtensibilityGlobals) = postSolution
		SolutionGuid = {A299AC1C-C8A7-4AD5-BEF9-02405925F6DF}
	EndGlobalSection
EndGlobal
